
Microsoft Visual Studio Solution File, Format Version 12.00
# Visual Studio Version 17
VisualStudioVersion = 17.0.31903.59
MinimumVisualStudioVersion = 10.0.40219.1
Project("{2150E333-8FDC-42A3-9474-1A3956D46DE8}") = "src", "src", "{11F5CB05-0408-434A-90C7-6CC30F2F5A82}"
EndProject
Project("{FAE04EC0-301F-11D3-BF4B-00C04F79EFBC}") = "Gateway.Api", "src\Gateway.Api\Gateway.Api.csproj", "{F3C9698F-0880-439A-B23D-797900EE3C48}"
EndProject
Project("{FAE04EC0-301F-11D3-BF4B-00C04F79EFBC}") = "Fleet.Api", "src\Fleet.Api\Fleet.Api.csproj", "{9B32124F-9C01-462A-8C31-148596A7BC53}"
EndProject
Project("{FAE04EC0-301F-11D3-BF4B-00C04F79EFBC}") = "Shared", "src\Shared\Shared.csproj", "{F7E5B5F7-3A56-4E2C-8924-0972F5B36716}"
EndProject
Project("{FAE04EC0-301F-11D3-BF4B-00C04F79EFBC}") = "Flights.Api", "src\Flights.Api\Flights.Api.csproj", "{6C25F742-53C8-4CD8-95CF-8A9208A7AEF7}"
EndProject
Global
	GlobalSection(SolutionConfigurationPlatforms) = preSolution
		Debug|Any CPU = Debug|Any CPU
		Release|Any CPU = Release|Any CPU
	EndGlobalSection
	GlobalSection(SolutionProperties) = preSolution
		HideSolutionNode = FALSE
	EndGlobalSection
	GlobalSection(ProjectConfigurationPlatforms) = postSolution
		{F3C9698F-0880-439A-B23D-797900EE3C48}.Debug|Any CPU.ActiveCfg = Debug|Any CPU
		{F3C9698F-0880-439A-B23D-797900EE3C48}.Debug|Any CPU.Build.0 = Debug|Any CPU
		{F3C9698F-0880-439A-B23D-797900EE3C48}.Release|Any CPU.ActiveCfg = Release|Any CPU
		{F3C9698F-0880-439A-B23D-797900EE3C48}.Release|Any CPU.Build.0 = Release|Any CPU
		{9B32124F-9C01-462A-8C31-148596A7BC53}.Debug|Any CPU.ActiveCfg = Debug|Any CPU
		{9B32124F-9C01-462A-8C31-148596A7BC53}.Debug|Any CPU.Build.0 = Debug|Any CPU
		{9B32124F-9C01-462A-8C31-148596A7BC53}.Release|Any CPU.ActiveCfg = Release|Any CPU
		{9B32124F-9C01-462A-8C31-148596A7BC53}.Release|Any CPU.Build.0 = Release|Any CPU
		{F7E5B5F7-3A56-4E2C-8924-0972F5B36716}.Debug|Any CPU.ActiveCfg = Debug|Any CPU
		{F7E5B5F7-3A56-4E2C-8924-0972F5B36716}.Debug|Any CPU.Build.0 = Debug|Any CPU
		{F7E5B5F7-3A56-4E2C-8924-0972F5B36716}.Release|Any CPU.ActiveCfg = Release|Any CPU
		{F7E5B5F7-3A56-4E2C-8924-0972F5B36716}.Release|Any CPU.Build.0 = Release|Any CPU
		{6C25F742-53C8-4CD8-95CF-8A9208A7AEF7}.Debug|Any CPU.ActiveCfg = Debug|Any CPU
		{6C25F742-53C8-4CD8-95CF-8A9208A7AEF7}.Debug|Any CPU.Build.0 = Debug|Any CPU
		{6C25F742-53C8-4CD8-95CF-8A9208A7AEF7}.Release|Any CPU.ActiveCfg = Release|Any CPU
		{6C25F742-53C8-4CD8-95CF-8A9208A7AEF7}.Release|Any CPU.Build.0 = Release|Any CPU
	EndGlobalSection
	GlobalSection(NestedProjects) = preSolution
		{F3C9698F-0880-439A-B23D-797900EE3C48} = {11F5CB05-0408-434A-90C7-6CC30F2F5A82}
		{9B32124F-9C01-462A-8C31-148596A7BC53} = {11F5CB05-0408-434A-90C7-6CC30F2F5A82}
		{F7E5B5F7-3A56-4E2C-8924-0972F5B36716} = {11F5CB05-0408-434A-90C7-6CC30F2F5A82}
		{6C25F742-53C8-4CD8-95CF-8A9208A7AEF7} = {11F5CB05-0408-434A-90C7-6CC30F2F5A82}
	EndGlobalSection
EndGlobal
