
Microsoft Visual Studio Solution File, Format Version 12.00
# Visual Studio Version 17
VisualStudioVersion = 17.0.31903.59
MinimumVisualStudioVersion = 10.0.40219.1
Project("{2150E333-8FDC-42A3-9474-1A3956D46DE8}") = "src", "src", "{46FD65DC-E510-4582-90F6-FA4BB2C94D0C}"
EndProject
Project("{FAE04EC0-301F-11D3-BF4B-00C04F79EFBC}") = "Airports.Api.Lambda", "src\Airports.Api.Lambda\Airports.Api.Lambda.csproj", "{F9ADD7DB-B0EC-46CE-B00B-6951DC87D5FA}"
EndProject
Project("{FAE04EC0-301F-11D3-BF4B-00C04F79EFBC}") = "Shared", "src\Shared\Shared.csproj", "{180FFF23-C909-4139-BAF6-E1B56C68AF65}"
EndProject
Project("{2150E333-8FDC-42A3-9474-1A3956D46DE8}") = "tests", "tests", "{4289E37E-85A5-407F-BF54-449945E21615}"
EndProject
Project("{FAE04EC0-301F-11D3-BF4B-00C04F79EFBC}") = "Airports.Api.Lambda.FunctionalTests", "tests\Airports.Api.Lambda.FunctionalTests\Airports.Api.Lambda.FunctionalTests.csproj", "{423B2128-9EC2-4006-A4FC-E658C0F29F6C}"
EndProject
Project("{FAE04EC0-301F-11D3-BF4B-00C04F79EFBC}") = "Flights.Api.Lambda", "src\Flights.Api.Lambda\Flights.Api.Lambda.csproj", "{38E5099B-F61C-49AA-8C3D-30DDCE5F7E7E}"
EndProject
Global
	GlobalSection(SolutionConfigurationPlatforms) = preSolution
		Debug|Any CPU = Debug|Any CPU
		Release|Any CPU = Release|Any CPU
	EndGlobalSection
	GlobalSection(SolutionProperties) = preSolution
		HideSolutionNode = FALSE
	EndGlobalSection
	GlobalSection(ProjectConfigurationPlatforms) = postSolution
		{F9ADD7DB-B0EC-46CE-B00B-6951DC87D5FA}.Debug|Any CPU.ActiveCfg = Debug|Any CPU
		{F9ADD7DB-B0EC-46CE-B00B-6951DC87D5FA}.Debug|Any CPU.Build.0 = Debug|Any CPU
		{F9ADD7DB-B0EC-46CE-B00B-6951DC87D5FA}.Release|Any CPU.ActiveCfg = Release|Any CPU
		{F9ADD7DB-B0EC-46CE-B00B-6951DC87D5FA}.Release|Any CPU.Build.0 = Release|Any CPU
		{180FFF23-C909-4139-BAF6-E1B56C68AF65}.Debug|Any CPU.ActiveCfg = Debug|Any CPU
		{180FFF23-C909-4139-BAF6-E1B56C68AF65}.Debug|Any CPU.Build.0 = Debug|Any CPU
		{180FFF23-C909-4139-BAF6-E1B56C68AF65}.Release|Any CPU.ActiveCfg = Release|Any CPU
		{180FFF23-C909-4139-BAF6-E1B56C68AF65}.Release|Any CPU.Build.0 = Release|Any CPU
		{423B2128-9EC2-4006-A4FC-E658C0F29F6C}.Debug|Any CPU.ActiveCfg = Debug|Any CPU
		{423B2128-9EC2-4006-A4FC-E658C0F29F6C}.Debug|Any CPU.Build.0 = Debug|Any CPU
		{423B2128-9EC2-4006-A4FC-E658C0F29F6C}.Release|Any CPU.ActiveCfg = Release|Any CPU
		{423B2128-9EC2-4006-A4FC-E658C0F29F6C}.Release|Any CPU.Build.0 = Release|Any CPU
		{38E5099B-F61C-49AA-8C3D-30DDCE5F7E7E}.Debug|Any CPU.ActiveCfg = Debug|Any CPU
		{38E5099B-F61C-49AA-8C3D-30DDCE5F7E7E}.Debug|Any CPU.Build.0 = Debug|Any CPU
		{38E5099B-F61C-49AA-8C3D-30DDCE5F7E7E}.Release|Any CPU.ActiveCfg = Release|Any CPU
		{38E5099B-F61C-49AA-8C3D-30DDCE5F7E7E}.Release|Any CPU.Build.0 = Release|Any CPU
	EndGlobalSection
	GlobalSection(NestedProjects) = preSolution
		{F9ADD7DB-B0EC-46CE-B00B-6951DC87D5FA} = {46FD65DC-E510-4582-90F6-FA4BB2C94D0C}
		{180FFF23-C909-4139-BAF6-E1B56C68AF65} = {46FD65DC-E510-4582-90F6-FA4BB2C94D0C}
		{423B2128-9EC2-4006-A4FC-E658C0F29F6C} = {4289E37E-85A5-407F-BF54-449945E21615}
		{38E5099B-F61C-49AA-8C3D-30DDCE5F7E7E} = {46FD65DC-E510-4582-90F6-FA4BB2C94D0C}
	EndGlobalSection
EndGlobal
